
Microsoft Visual Studio Solution File, Format Version 12.00
# Visual Studio Version 17
VisualStudioVersion = 17.11.35431.28
MinimumVisualStudioVersion = 10.0.40219.1
Project("{FAE04EC0-301F-11D3-BF4B-00C04F79EFBC}") = "ExemploExcecao", "ExemploExcecao.csproj", "{B28FA27C-1834-40CA-90D8-4769643958B0}"
EndProject
Global
	GlobalSection(SolutionConfigurationPlatforms) = preSolution
		Debug|Any CPU = Debug|Any CPU
		Release|Any CPU = Release|Any CPU
	EndGlobalSection
	GlobalSection(ProjectConfigurationPlatforms) = postSolution
		{B28FA27C-1834-40CA-90D8-4769643958B0}.Debug|Any CPU.ActiveCfg = Debug|Any CPU
		{B28FA27C-1834-40CA-90D8-4769643958B0}.Debug|Any CPU.Build.0 = Debug|Any CPU
		{B28FA27C-1834-40CA-90D8-4769643958B0}.Release|Any CPU.ActiveCfg = Release|Any CPU
		{B28FA27C-1834-40CA-90D8-4769643958B0}.Release|Any CPU.Build.0 = Release|Any CPU
	EndGlobalSection
	GlobalSection(SolutionProperties) = preSolution
		HideSolutionNode = FALSE
	EndGlobalSection
	GlobalSection(ExtensibilityGlobals) = postSolution
		SolutionGuid = {E1B8593C-8AD8-4FC6-AC08-4EDD30ED81AA}
	EndGlobalSection
EndGlobal
